dependencies:
  espressif/cmake_utilities:
    component_hash: 351350613ceafba240b761b4ea991e0f231ac7a9f59a9ee901f751bddc0bb18f
    dependencies:
    - name: idf
      require: private
      version: '>=4.1'
    source:
      registry_url: https://components.espressif.com
      type: service
    version: 0.5.3
  espressif/esp-radar:
    component_hash: d29797dd46619d4b2a3ad332eeb97397e55f8ef2d62970d0fc228f092420f15e
    dependencies:
    - name: espressif/cmake_utilities
      registry_url: https://components.espressif.com
      require: private
      version: 0.*
    - name: espressif/esp_csi_gain_ctrl
      registry_url: https://components.espressif.com
      require: private
      version: '>=0.1.3'
    - name: espressif/esp_radar_motion_dec
      registry_url: https://components.espressif.com
      require: private
      version: '>=0.1.1'
    - name: idf
      require: private
      version: '>=5.4'
    source:
      registry_url: https://components.espressif.com
      type: service
    targets:
    - esp32
    - esp32s3
    - esp32s2
    - esp32c3
    - esp32c5
    - esp32c6
    - esp32c61
    version: 0.3.4
  espressif/esp_csi_gain_ctrl:
    component_hash: 2700b6625343916dfb721af42131857b3e387dbbb9cc1df569128525c8b05f8e
    dependencies:
    - name: espressif/cmake_utilities
      registry_url: https://components.espressif.com
      require: private
      version: 0.*
    - name: idf
      require: private
      version: '>=4.4.1'
    source:
      registry_url: https://components.espressif.com
      type: service
    targets:
    - esp32
    - esp32s3
    - esp32s2
    - esp32c3
    - esp32c5
    - esp32c6
    - esp32c61
    version: 0.1.5
  espressif/esp_radar_motion_dec:
    component_hash: c4e2ff510fb3ffff2cc6347b059e4c264515aebb1cf427ca3bc9398b4941b857
    dependencies:
    - name: espressif/cmake_utilities
      registry_url: https://components.espressif.com
      require: private
      version: 0.*
    - name: idf
      require: private
      version: '>=4.4.1'
    source:
      registry_url: https://components.espressif.com
      type: service
    targets:
    - esp32
    - esp32s3
    - esp32s2
    - esp32c3
    - esp32c5
    - esp32c6
    - esp32c61
    version: 0.1.1
  espressif/esp_wifi_sensing:
    component_hash: bb1f074c7fc4c119d937b283483e43bf8a20c03a7b0642b51b614816fdf0c25f
    dependencies:
    - name: idf
      require: private
      version: '>=5.4'
    - name: espressif/cmake_utilities
      registry_url: https://components.espressif.com
      require: private
      version: 0.*
    - name: espressif/esp-radar
      registry_url: https://components.espressif.com
      require: private
      version: '>=0.3.3'
    source:
      registry_url: https://components.espressif.com/
      type: service
    targets:
    - esp32
    - esp32s3
    - esp32s2
    - esp32c3
    - esp32c5
    - esp32c6
    - esp32c61
    version: 0.1.1~3
  espressif/led_strip:
    component_hash: 28621486f77229aaf81c71f5e15d6fbf36c2949cf11094e07090593e659e7639
    dependencies:
    - name: idf
      require: private
      version: '>=5.0'
    source:
      registry_url: https://components.espressif.com/
      type: service
    version: 3.0.3
  espressif/mdns:
    component_hash: b679eafd0acae2066e2645bd91d073e33ca5be515e2545cd3c4e55a3e3bce3cb
    dependencies:
    - name: idf
      require: private
      version: '>=5.0'
    source:
      registry_url: https://components.espressif.com/
      type: service
    version: 1.13.1
  idf:
    source:
      type: idf
    version: 5.5.5
direct_dependencies:
- espressif/esp_wifi_sensing
- espressif/led_strip
- espressif/mdns
- idf
manifest_hash: 57efc8fa159fd34379a00f53e01e7fcc66c09013f68631d8b210c3b7acbb5661
target: esp32
version: 2.0.0
